
Microsoft Visual Studio Solution File, Format Version 12.00
# Visual Studio 15
VisualStudioVersion = 15.0.27130.2024
MinimumVisualStudioVersion = 10.0.40219.1
Project("{9A19103F-16F7-4668-BE54-9A1E7A4F7556}") = "ContosoUniversity", "ContosoUniversity\ContosoUniversity.csproj", "{9BC87914-4B9B-4FF7-AEC2-F805D100CD89}"
EndProject
Project("{9A19103F-16F7-4668-BE54-9A1E7A4F7556}") = "WideWorldImporters", "WideWorldImporters\WideWorldImporters.csproj", "{1472AF67-2335-4784-BC85-DB5975225165}"
EndProject
Project("{9A19103F-16F7-4668-BE54-9A1E7A4F7556}") = "ncarlson2749ex1a1", "ncarlson2749ex1a1\ncarlson2749ex1a1.csproj", "{B754C418-1515-468B-B451-28275A8BB159}"
EndProject
Project("{9A19103F-16F7-4668-BE54-9A1E7A4F7556}") = "ncarlson2749ex1b1", "ncarlson2749ex1b1\ncarlson2749ex1b1.csproj", "{291E5828-EDAA-4EAE-A8A5-5328685467DA}"
EndProject
Global
	GlobalSection(SolutionConfigurationPlatforms) = preSolution
		Debug|Any CPU = Debug|Any CPU
		Release|Any CPU = Release|Any CPU
	EndGlobalSection
	GlobalSection(ProjectConfigurationPlatforms) = postSolution
		{9BC87914-4B9B-4FF7-AEC2-F805D100CD89}.Debug|Any CPU.ActiveCfg = Debug|Any CPU
		{9BC87914-4B9B-4FF7-AEC2-F805D100CD89}.Debug|Any CPU.Build.0 = Debug|Any CPU
		{9BC87914-4B9B-4FF7-AEC2-F805D100CD89}.Release|Any CPU.ActiveCfg = Release|Any CPU
		{9BC87914-4B9B-4FF7-AEC2-F805D100CD89}.Release|Any CPU.Build.0 = Release|Any CPU
		{1472AF67-2335-4784-BC85-DB5975225165}.Debug|Any CPU.ActiveCfg = Debug|Any CPU
		{1472AF67-2335-4784-BC85-DB5975225165}.Debug|Any CPU.Build.0 = Debug|Any CPU
		{1472AF67-2335-4784-BC85-DB5975225165}.Release|Any CPU.ActiveCfg = Release|Any CPU
		{1472AF67-2335-4784-BC85-DB5975225165}.Release|Any CPU.Build.0 = Release|Any CPU
		{B754C418-1515-468B-B451-28275A8BB159}.Debug|Any CPU.ActiveCfg = Debug|Any CPU
		{B754C418-1515-468B-B451-28275A8BB159}.Debug|Any CPU.Build.0 = Debug|Any CPU
		{B754C418-1515-468B-B451-28275A8BB159}.Release|Any CPU.ActiveCfg = Release|Any CPU
		{B754C418-1515-468B-B451-28275A8BB159}.Release|Any CPU.Build.0 = Release|Any CPU
		{291E5828-EDAA-4EAE-A8A5-5328685467DA}.Debug|Any CPU.ActiveCfg = Debug|Any CPU
		{291E5828-EDAA-4EAE-A8A5-5328685467DA}.Debug|Any CPU.Build.0 = Debug|Any CPU
		{291E5828-EDAA-4EAE-A8A5-5328685467DA}.Release|Any CPU.ActiveCfg = Release|Any CPU
		{291E5828-EDAA-4EAE-A8A5-5328685467DA}.Release|Any CPU.Build.0 = Release|Any CPU
	EndGlobalSection
	GlobalSection(SolutionProperties) = preSolution
		HideSolutionNode = FALSE
	EndGlobalSection
	GlobalSection(ExtensibilityGlobals) = postSolution
		SolutionGuid = {2E8CE777-B071-4C0C-801A-CA54B2E7811D}
	EndGlobalSection
EndGlobal
